// !$*UTF8*$!
{
	archiveVersion = 1;
	classes = {
	};
	objectVersion = 46;
	objects = {

/* Begin PBXBuildFile section */
		A6A993421AE6BD9800B9CBE5 /* Info.plist in Resources */ = {isa = PBXBuildFile; fileRef = A6A993411AE6BD9800B9CBE5 /* Info.plist */; };
		A6A993441AE6BEDF00B9CBE5 /* Default-568h@2x.png in Resources */ = {isa = PBXBuildFile; fileRef = A6A993431AE6BEDF00B9CBE5 /* Default-568h@2x.png */; };
		A6A993481AE6CBF300B9CBE5 /* MessageUI.framework in Frameworks */ = {isa = PBXBuildFile; fileRef = A6A993471AE6CBF300B9CBE5 /* MessageUI.framework */; };
		A6E4840B1AE6431D00AC2539 /* main.m in Sources */ = {isa = PBXBuildFile; fileRef = A6E4840A1AE6431D00AC2539 /* main.m */; };
		A6E4840E1AE6431D00AC2539 /* AppDelegate.m in Sources */ = {isa = PBXBuildFile; fileRef = A6E4840D1AE6431D00AC2539 /* AppDelegate.m */; };
		A6E484111AE6431D00AC2539 /* ViewController.m in Sources */ = {isa = PBXBuildFile; fileRef = A6E484101AE6431D00AC2539 /* ViewController.m */; };
		A6E484141AE6431D00AC2539 /* Main.storyboard in Resources */ = {isa = PBXBuildFile; fileRef = A6E484121AE6431D00AC2539 /* Main.storyboard */; };
		A6E484161AE6431D00AC2539 /* Images.xcassets in Resources */ = {isa = PBXBuildFile; fileRef = A6E484151AE6431D00AC2539 /* Images.xcassets */; };
		A6E484191AE6431D00AC2539 /* LaunchScreen.xib in Resources */ = {isa = PBXBuildFile; fileRef = A6E484171AE6431D00AC2539 /* LaunchScreen.xib */; };
		A6E484251AE6431D00AC2539 /* AlertMapTests.m in Sources */ = {isa = PBXBuildFile; fileRef = A6E484241AE6431D00AC2539 /* AlertMapTests.m */; };
		A6E4842F1AE6450C00AC2539 /* MapKit.framework in Frameworks */ = {isa = PBXBuildFile; fileRef = A6E4842E1AE6450C00AC2539 /* MapKit.framework */; };
		A6E484311AE6451B00AC2539 /* CoreLocation.framework in Frameworks */ = {isa = PBXBuildFile; fileRef = A6E484301AE6451B00AC2539 /* CoreLocation.framework */; };
		A6E484331AE64C4500AC2539 /* Foundation.framework in Frameworks */ = {isa = PBXBuildFile; fileRef = A6E484321AE64C4500AC2539 /* Foundation.framework */; };
		A6E484351AE64C4E00AC2539 /* CoreGraphics.framework in Frameworks */ = {isa = PBXBuildFile; fileRef = A6E484341AE64C4E00AC2539 /* CoreGraphics.framework */; };
		A6E484371AE64C5700AC2539 /* UIKit.framework in Frameworks */ = {isa = PBXBuildFile; fileRef = A6E484361AE64C5700AC2539 /* UIKit.framework */; };
/* End PBXBuildFile section */

/* Begin PBXContainerItemProxy section */
		A6E4841F1AE6431D00AC2539 /* PBXContainerItemProxy */ = {
			isa = PBXContainerItemProxy;
			containerPortal = A6E483FD1AE6431B00AC2539 /* Project object */;
			proxyType = 1;
			remoteGlobalIDString = A6E484041AE6431C00AC2539;
			remoteInfo = AlertMap;
		};
/* End PBXContainerItemProxy section */

/* Begin PBXFileReference section */
		A6A993411AE6BD9800B9CBE5 /* Info.plist */ = {isa = PBXFileReference; fileEncoding = 4; lastKnownFileType = text.plist.xml; name = Info.plist; path = "../../Mapview_ios8-master/CustomMap/CustomMap/Info.plist"; sourceTree = "<group>"; };
		A6A993431AE6BEDF00B9CBE5 /* Default-568h@2x.png */ = {isa = PBXFileReference; lastKnownFileType = image.png; path = "Default-568h@2x.png"; sourceTree = "<group>"; };
		A6A993471AE6CBF300B9CBE5 /* MessageUI.framework */ = {isa = PBXFileReference; lastKnownFileType = wrapper.framework; name = MessageUI.framework; path = System/Library/Frameworks/MessageUI.framework; sourceTree = SDKROOT; };
		A6E484051AE6431C00AC2539 /* AlertMap.app */ = {isa = PBXFileReference; explicitFileType = wrapper.application; includeInIndex = 0; path = AlertMap.app; sourceTree = BUILT_PRODUCTS_DIR; };
		A6E4840A1AE6431D00AC2539 /* main.m */ = {isa = PBXFileReference; lastKnownFileType = sourcecode.c.objc; path = main.m; sourceTree = "<group>"; };
		A6E4840C1AE6431D00AC2539 /* AppDelegate.h */ = {isa = PBXFileReference; lastKnownFileType = sourcecode.c.h; path = AppDelegate.h; sourceTree = "<group>"; };
		A6E4840D1AE6431D00AC2539 /* AppDelegate.m */ = {isa = PBXFileReference; lastKnownFileType = sourcecode.c.objc; path = AppDelegate.m; sourceTree = "<group>"; };
		A6E4840F1AE6431D00AC2539 /* ViewController.h */ = {isa = PBXFileReference; lastKnownFileType = sourcecode.c.h; path = ViewController.h; sourceTree = "<group>"; };
		A6E484101AE6431D00AC2539 /* ViewController.m */ = {isa = PBXFileReference; lastKnownFileType = sourcecode.c.objc; path = ViewController.m; sourceTree = "<group>"; };
		A6E484131AE6431D00AC2539 /* Base */ = {isa = PBXFileReference; lastKnownFileType = file.storyboard; name = Base; path = Base.lproj/Main.storyboard; sourceTree = "<group>"; };
		A6E484151AE6431D00AC2539 /* Images.xcassets */ = {isa = PBXFileReference; lastKnownFileType = folder.assetcatalog; path = Images.xcassets; sourceTree = "<group>"; };
		A6E484181AE6431D00AC2539 /* Base */ = {isa = PBXFileReference; lastKnownFileType = file.xib; name = Base; path = Base.lproj/LaunchScreen.xib; sourceTree = "<group>"; };
		A6E4841E1AE6431D00AC2539 /* AlertMapTests.xctest */ = {isa = PBXFileReference; explicitFileType = wrapper.cfbundle; includeInIndex = 0; path = AlertMapTests.xctest; sourceTree = BUILT_PRODUCTS_DIR; };
		A6E484231AE6431D00AC2539 /* Info.plist */ = {isa = PBXFileReference; lastKnownFileType = text.plist.xml; path = Info.plist; sourceTree = "<group>"; };
		A6E484241AE6431D00AC2539 /* AlertMapTests.m */ = {isa = PBXFileReference; lastKnownFileType = sourcecode.c.objc; path = AlertMapTests.m; sourceTree = "<group>"; };
		A6E4842E1AE6450C00AC2539 /* MapKit.framework */ = {isa = PBXFileReference; lastKnownFileType = wrapper.framework; name = MapKit.framework; path = System/Library/Frameworks/MapKit.framework; sourceTree = SDKROOT; };
		A6E484301AE6451B00AC2539 /* CoreLocation.framework */ = {isa = PBXFileReference; lastKnownFileType = wrapper.framework; name = CoreLocation.framework; path = System/Library/Frameworks/CoreLocation.framework; sourceTree = SDKROOT; };
		A6E484321AE64C4500AC2539 /* Foundation.framework */ = {isa = PBXFileReference; lastKnownFileType = wrapper.framework; name = Foundation.framework; path = System/Library/Frameworks/Foundation.framework; sourceTree = SDKROOT; };
		A6E484341AE64C4E00AC2539 /* CoreGraphics.framework */ = {isa = PBXFileReference; lastKnownFileType = wrapper.framework; name = CoreGraphics.framework; path = System/Library/Frameworks/CoreGraphics.framework; sourceTree = SDKROOT; };
		A6E484361AE64C5700AC2539 /* UIKit.framework */ = {isa = PBXFileReference; lastKnownFileType = wrapper.framework; name = UIKit.framework; path = System/Library/Frameworks/UIKit.framework; sourceTree = SDKROOT; };
/* End PBXFileReference section */

/* Begin PBXFrameworksBuildPhase section */
		A6E484021AE6431C00AC2539 /* Frameworks */ = {
			isa = PBXFrameworksBuildPhase;
			buildActionMask = 2147483647;
			files = (
				A6A993481AE6CBF300B9CBE5 /* MessageUI.framework in Frameworks */,
				A6E484371AE64C5700AC2539 /* UIKit.framework in Frameworks */,
				A6E484351AE64C4E00AC2539 /* CoreGraphics.framework in Frameworks */,
				A6E484331AE64C4500AC2539 /* Foundation.framework in Frameworks */,
				A6E484311AE6451B00AC2539 /* CoreLocation.framework in Frameworks */,
				A6E4842F1AE6450C00AC2539 /* MapKit.framework in Frameworks */,
			);
			runOnlyForDeploymentPostprocessing = 0;
		};
		A6E4841B1AE6431D00AC2539 /* Frameworks */ = {
			isa = PBXFrameworksBuildPhase;
			buildActionMask = 2147483647;
			files = (
			);
			runOnlyForDeploymentPostprocessing = 0;
		};
/* End PBXFrameworksBuildPhase section */

/* Begin PBXGroup section */
		A6E483FC1AE6431B00AC2539 = {
			isa = PBXGroup;
			children = (
				A6A993471AE6CBF300B9CBE5 /* MessageUI.framework */,
				A6A993431AE6BEDF00B9CBE5 /* Default-568h@2x.png */,
				A6E484361AE64C5700AC2539 /* UIKit.framework */,
				A6E484341AE64C4E00AC2539 /* CoreGraphics.framework */,
				A6E484321AE64C4500AC2539 /* Foundation.framework */,
				A6E484301AE6451B00AC2539 /* CoreLocation.framework */,
				A6E4842E1AE6450C00AC2539 /* MapKit.framework */,
				A6E484071AE6431C00AC2539 /* AlertMap */,
				A6E484211AE6431D00AC2539 /* AlertMapTests */,
				A6E484061AE6431C00AC2539 /* Products */,
			);
			sourceTree = "<group>";
		};
		A6E484061AE6431C00AC2539 /* Products */ = {
			isa = PBXGroup;
			children = (
				A6E484051AE6431C00AC2539 /* AlertMap.app */,
				A6E4841E1AE6431D00AC2539 /* AlertMapTests.xctest */,
			);
			name = Products;
			sourceTree = "<group>";
		};
		A6E484071AE6431C00AC2539 /* AlertMap */ = {
			isa = PBXGroup;
			children = (
				A6E4840C1AE6431D00AC2539 /* AppDelegate.h */,
				A6E4840D1AE6431D00AC2539 /* AppDelegate.m */,
				A6E4840F1AE6431D00AC2539 /* ViewController.h */,
				A6E484101AE6431D00AC2539 /* ViewController.m */,
				A6E484121AE6431D00AC2539 /* Main.storyboard */,
				A6E484151AE6431D00AC2539 /* Images.xcassets */,
				A6E484171AE6431D00AC2539 /* LaunchScreen.xib */,
				A6E484081AE6431D00AC2539 /* Supporting Files */,
			);
			path = AlertMap;
			sourceTree = "<group>";
		};
		A6E484081AE6431D00AC2539 /* Supporting Files */ = {
			isa = PBXGroup;
			children = (
				A6A993411AE6BD9800B9CBE5 /* Info.plist */,
				A6E4840A1AE6431D00AC2539 /* main.m */,
			);
			name = "Supporting Files";
			sourceTree = "<group>";
		};
		A6E484211AE6431D00AC2539 /* AlertMapTests */ = {
			isa = PBXGroup;
			children = (
				A6E484241AE6431D00AC2539 /* AlertMapTests.m */,
				A6E484221AE6431D00AC2539 /* Supporting Files */,
			);
			path = AlertMapTests;
			sourceTree = "<group>";
		};
		A6E484221AE6431D00AC2539 /* Supporting Files */ = {
			isa = PBXGroup;
			children = (
				A6E484231AE6431D00AC2539 /* Info.plist */,
			);
			name = "Supporting Files";
			sourceTree = "<group>";
		};
/* End PBXGroup section */

/* Begin PBXNativeTarget section */
		A6E484041AE6431C00AC2539 /* AlertMap */ = {
			isa = PBXNativeTarget;
			buildConfigurationList = A6E484281AE6431D00AC2539 /* Build configuration list for PBXNativeTarget "AlertMap" */;
			buildPhases = (
				A6E484011AE6431C00AC2539 /* Sources */,
				A6E484021AE6431C00AC2539 /* Frameworks */,
				A6E484031AE6431C00AC2539 /* Resources */,
			);
			buildRules = (
			);
			dependencies = (
			);
			name = AlertMap;
			productName = AlertMap;
			productReference = A6E484051AE6431C00AC2539 /* AlertMap.app */;
			productType = "com.apple.product-type.application";
		};
		A6E4841D1AE6431D00AC2539 /* AlertMapTests */ = {
			isa = PBXNativeTarget;
			buildConfigurationList = A6E4842B1AE6431D00AC2539 /* Build configuration list for PBXNativeTarget "AlertMapTests" */;
			buildPhases = (
				A6E4841A1AE6431D00AC2539 /* Sources */,
				A6E4841B1AE6431D00AC2539 /* Frameworks */,
				A6E4841C1AE6431D00AC2539 /* Resources */,
			);
			buildRules = (
			);
			dependencies = (
				A6E484201AE6431D00AC2539 /* PBXTargetDependency */,
			);
			name = AlertMapTests;
			productName = AlertMapTests;
			productReference = A6E4841E1AE6431D00AC2539 /* AlertMapTests.xctest */;
			productType = "com.apple.product-type.bundle.unit-test";
		};
/* End PBXNativeTarget section */

/* Begin PBXProject section */
		A6E483FD1AE6431B00AC2539 /* Project object */ = {
			isa = PBXProject;
			attributes = {
				LastUpgradeCheck = 0610;
				ORGANIZATIONNAME = "Lucho & Antonio";
				TargetAttributes = {
					A6E484041AE6431C00AC2539 = {
						CreatedOnToolsVersion = 6.1.1;
					};
					A6E4841D1AE6431D00AC2539 = {
						CreatedOnToolsVersion = 6.1.1;
						TestTargetID = A6E484041AE6431C00AC2539;
					};
				};
			};
			buildConfigurationList = A6E484001AE6431C00AC2539 /* Build configuration list for PBXProject "AlertMap" */;
			compatibilityVersion = "Xcode 3.2";
			developmentRegion = English;
			hasScannedForEncodings = 0;
			knownRegions = (
				en,
				Base,
			);
			mainGroup = A6E483FC1AE6431B00AC2539;
			productRefGroup = A6E484061AE6431C00AC2539 /* Products */;
			projectDirPath = "";
			projectRoot = "";
			targets = (
				A6E484041AE6431C00AC2539 /* AlertMap */,
				A6E4841D1AE6431D00AC2539 /* AlertMapTests */,
			);
		};
/* End PBXProject section */

/* Begin PBXResourcesBuildPhase section */
		A6E484031AE6431C00AC2539 /* Resources */ = {
			isa = PBXResourcesBuildPhase;
			buildActionMask = 2147483647;
			files = (
				A6A993421AE6BD9800B9CBE5 /* Info.plist in Resources */,
				A6E484141AE6431D00AC2539 /* Main.storyboard in Resources */,
				A6E484191AE6431D00AC2539 /* LaunchScreen.xib in Resources */,
				A6A993441AE6BEDF00B9CBE5 /* Default-568h@2x.png in Resources */,
				A6E484161AE6431D00AC2539 /* Images.xcassets in Resources */,
			);
			runOnlyForDeploymentPostprocessing = 0;
		};
		A6E4841C1AE6431D00AC2539 /* Resources */ = {
			isa = PBXResourcesBuildPhase;
			buildActionMask = 2147483647;
			files = (
			);
			runOnlyForDeploymentPostprocessing = 0;
		};
/* End PBXResourcesBuildPhase section */

/* Begin PBXSourcesBuildPhase section */
		A6E484011AE6431C00AC2539 /* Sources */ = {
			isa = PBXSourcesBuildPhase;
			buildActionMask = 2147483647;
			files = (
				A6E484111AE6431D00AC2539 /* ViewController.m in Sources */,
				A6E4840E1AE6431D00AC2539 /* AppDelegate.m in Sources */,
				A6E4840B1AE6431D00AC2539 /* main.m in Sources */,
			);
			runOnlyForDeploymentPostprocessing = 0;
		};
		A6E4841A1AE6431D00AC2539 /* Sources */ = {
			isa = PBXSourcesBuildPhase;
			buildActionMask = 2147483647;
			files = (
				A6E484251AE6431D00AC2539 /* AlertMapTests.m in Sources */,
			);
			runOnlyForDeploymentPostprocessing = 0;
		};
/* End PBXSourcesBuildPhase section */

/* Begin PBXTargetDependency section */
		A6E484201AE6431D00AC2539 /* PBXTargetDependency */ = {
			isa = PBXTargetDependency;
			target = A6E484041AE6431C00AC2539 /* AlertMap */;
			targetProxy = A6E4841F1AE6431D00AC2539 /* PBXContainerItemProxy */;
		};
/* End PBXTargetDependency section */

/* Begin PBXVariantGroup section */
		A6E484121AE6431D00AC2539 /* Main.storyboard */ = {
			isa = PBXVariantGroup;
			children = (
				A6E484131AE6431D00AC2539 /* Base */,
			);
			name = Main.storyboard;
			sourceTree = "<group>";
		};
		A6E484171AE6431D00AC2539 /* LaunchScreen.xib */ = {
			isa = PBXVariantGroup;
			children = (
				A6E484181AE6431D00AC2539 /* Base */,
			);
			name = LaunchScreen.xib;
			sourceTree = "<group>";
		};
/* End PBXVariantGroup section */

/* Begin XCBuildConfiguration section */
		A6E484261AE6431D00AC2539 /* Debug */ = {
			isa = XCBuildConfiguration;
			buildSettings = {
				ALWAYS_SEARCH_USER_PATHS = NO;
				CLANG_CXX_LANGUAGE_STANDARD = "gnu++0x";
				CLANG_CXX_LIBRARY = "libc++";
				CLANG_ENABLE_MODULES = YES;
				CLANG_ENABLE_OBJC_ARC = YES;
				CLANG_WARN_BOOL_CONVERSION = YES;
				CLANG_WARN_CONSTANT_CONVERSION = YES;
				CLANG_WARN_DIRECT_OBJC_ISA_USAGE = YES_ERROR;
				CLANG_WARN_EMPTY_BODY = YES;
				CLANG_WARN_ENUM_CONVERSION = YES;
				CLANG_WARN_INT_CONVERSION = YES;
				CLANG_WARN_OBJC_ROOT_CLASS = YES_ERROR;
				CLANG_WARN_UNREACHABLE_CODE = YES;
				CLANG_WARN__DUPLICATE_METHOD_MATCH = YES;
				"CODE_SIGN_IDENTITY[sdk=iphoneos*]" = "iPhone Developer";
				COPY_PHASE_STRIP = NO;
				ENABLE_STRICT_OBJC_MSGSEND = YES;
				GCC_C_LANGUAGE_STANDARD = gnu99;
				GCC_DYNAMIC_NO_PIC = NO;
				GCC_OPTIMIZATION_LEVEL = 0;
				GCC_PREPROCESSOR_DEFINITIONS = (
					"DEBUG=1",
					"$(inherited)",
				);
				GCC_SYMBOLS_PRIVATE_EXTERN = NO;
				GCC_WARN_64_TO_32_BIT_CONVERSION = YES;
				GCC_WARN_ABOUT_RETURN_TYPE = YES_ERROR;
				GCC_WARN_UNDECLARED_SELECTOR = YES;
				GCC_WARN_UNINITIALIZED_AUTOS = YES_AGGRESSIVE;
				GCC_WARN_UNUSED_FUNCTION = YES;
				GCC_WARN_UNUSED_VARIABLE = YES;
				IPHONEOS_DEPLOYMENT_TARGET = 8.1;
				MTL_ENABLE_DEBUG_INFO = YES;
				ONLY_ACTIVE_ARCH = YES;
				SDKROOT = iphoneos;
			};
			name = Debug;
		};
		A6E484271AE6431D00AC2539 /* Release */ = {
			isa = XCBuildConfiguration;
			buildSettings = {
				ALWAYS_SEARCH_USER_PATHS = NO;
				CLANG_CXX_LANGUAGE_STANDARD = "gnu++0x";
				CLANG_CXX_LIBRARY = "libc++";
				CLANG_ENABLE_MODULES = YES;
				CLANG_ENABLE_OBJC_ARC = YES;
				CLANG_WARN_BOOL_CONVERSION = YES;
				CLANG_WARN_CONSTANT_CONVERSION = YES;
				CLANG_WARN_DIRECT_OBJC_ISA_USAGE = YES_ERROR;
				CLANG_WARN_EMPTY_BODY = YES;
				CLANG_WARN_ENUM_CONVERSION = YES;
				CLANG_WARN_INT_CONVERSION = YES;
				CLANG_WARN_OBJC_ROOT_CLASS = YES_ERROR;
				CLANG_WARN_UNREACHABLE_CODE = YES;
				CLANG_WARN__DUPLICATE_METHOD_MATCH = YES;
				"CODE_SIGN_IDENTITY[sdk=iphoneos*]" = "iPhone Developer";
				COPY_PHASE_STRIP = YES;
				ENABLE_NS_ASSERTIONS = NO;
				ENABLE_STRICT_OBJC_MSGSEND = YES;
				GCC_C_LANGUAGE_STANDARD = gnu99;
				GCC_WARN_64_TO_32_BIT_CONVERSION = YES;
				GCC_WARN_ABOUT_RETURN_TYPE = YES_ERROR;
				GCC_WARN_UNDECLARED_SELECTOR = YES;
				GCC_WARN_UNINITIALIZED_AUTOS = YES_AGGRESSIVE;
				GCC_WARN_UNUSED_FUNCTION = YES;
				GCC_WARN_UNUSED_VARIABLE = YES;
				IPHONEOS_DEPLOYMENT_TARGET = 8.1;
				MTL_ENABLE_DEBUG_INFO = NO;
				SDKROOT = iphoneos;
				VALIDATE_PRODUCT = YES;
			};
			name = Release;
		};
		A6E484291AE6431D00AC2539 /* Debug */ = {
			isa = XCBuildConfiguration;
			buildSettings = {
				ASSETCATALOG_COMPILER_APPICON_NAME = AppIcon;
				INFOPLIST_FILE = "$(SRCROOT)/../Mapview_ios8-master/CustomMap/CustomMap/Info.plist";
				LD_RUNPATH_SEARCH_PATHS = "$(inherited) @executable_path/Frameworks";
				PRODUCT_NAME = "$(TARGET_NAME)";
			};
			name = Debug;
		};
		A6E4842A1AE6431D00AC2539 /* Release */ = {
			isa = XCBuildConfiguration;
			buildSettings = {
				ASSETCATALOG_COMPILER_APPICON_NAME = AppIcon;
				INFOPLIST_FILE = "$(SRCROOT)/../Mapview_ios8-master/CustomMap/CustomMap/Info.plist";
				LD_RUNPATH_SEARCH_PATHS = "$(inherited) @executable_path/Frameworks";
				PRODUCT_NAME = "$(TARGET_NAME)";
			};
			name = Release;
		};
		A6E4842C1AE6431D00AC2539 /* Debug */ = {
			isa = XCBuildConfiguration;
			buildSettings = {
				BUNDLE_LOADER = "$(TEST_HOST)";
				FRAMEWORK_SEARCH_PATHS = (
					"$(SDKROOT)/Developer/Library/Frameworks",
					"$(inherited)",
				);
				GCC_PREPROCESSOR_DEFINITIONS = (
					"DEBUG=1",
					"$(inherited)",
				);
				INFOPLIST_FILE = AlertMapTests/Info.plist;
				LD_RUNPATH_SEARCH_PATHS = "$(inherited) @executable_path/Frameworks @loader_path/Frameworks";
				PRODUCT_NAME = "$(TARGET_NAME)";
				TEST_HOST = "$(BUILT_PRODUCTS_DIR)/AlertMap.app/AlertMap";
			};
			name = Debug;
		};
		A6E4842D1AE6431D00AC2539 /* Release */ = {
			isa = XCBuildConfiguration;
			buildSettings = {
				BUNDLE_LOADER = "$(TEST_HOST)";
				FRAMEWORK_SEARCH_PATHS = (
					"$(SDKROOT)/Developer/Library/Frameworks",
					"$(inherited)",
				);
				INFOPLIST_FILE = AlertMapTests/Info.plist;
				LD_RUNPATH_SEARCH_PATHS = "$(inherited) @executable_path/Frameworks @loader_path/Frameworks";
				PRODUCT_NAME = "$(TARGET_NAME)";
				TEST_HOST = "$(BUILT_PRODUCTS_DIR)/AlertMap.app/AlertMap";
			};
			name = Release;
		};
/* End XCBuildConfiguration section */

/* Begin XCConfigurationList section */
		A6E484001AE6431C00AC2539 /* Build configuration list for PBXProject "AlertMap" */ = {
			isa = XCConfigurationList;
			buildConfigurations = (
				A6E484261AE6431D00AC2539 /* Debug */,
				A6E484271AE6431D00AC2539 /* Release */,
			);
			defaultConfigurationIsVisible = 0;
			defaultConfigurationName = Release;
		};
		A6E484281AE6431D00AC2539 /* Build configuration list for PBXNativeTarget "AlertMap" */ = {
			isa = XCConfigurationList;
			buildConfigurations = (
				A6E484291AE6431D00AC2539 /* Debug */,
				A6E4842A1AE6431D00AC2539 /* Release */,
			);
			defaultConfigurationIsVisible = 0;
			defaultConfigurationName = Release;
		};
		A6E4842B1AE6431D00AC2539 /* Build configuration list for PBXNativeTarget "AlertMapTests" */ = {
			isa = XCConfigurationList;
			buildConfigurations = (
				A6E4842C1AE6431D00AC2539 /* Debug */,
				A6E4842D1AE6431D00AC2539 /* Release */,
			);
			defaultConfigurationIsVisible = 0;
			defaultConfigurationName = Release;
		};
/* End XCConfigurationList section */
	};
	rootObject = A6E483FD1AE6431B00AC2539 /* Project object */;
}
